
Microsoft Visual Studio Solution File, Format Version 12.00
# Visual Studio Version 17
VisualStudioVersion = 17.13.35716.79 d17.13
MinimumVisualStudioVersion = 10.0.40219.1
Project("{FAE04EC0-301F-11D3-BF4B-00C04F79EFBC}") = "DeepseekConsoleApp", "DeepseekConsoleApp\DeepseekConsoleApp.csproj", "{AE59D3FF-0A78-4788-9D8F-0AE642263492}"
EndProject
Global
	GlobalSection(SolutionConfigurationPlatforms) = preSolution
		Debug|Any CPU = Debug|Any CPU
		Release|Any CPU = Release|Any CPU
	EndGlobalSection
	GlobalSection(ProjectConfigurationPlatforms) = postSolution
		{AE59D3FF-0A78-4788-9D8F-0AE642263492}.Debug|Any CPU.ActiveCfg = Debug|Any CPU
		{AE59D3FF-0A78-4788-9D8F-0AE642263492}.Debug|Any CPU.Build.0 = Debug|Any CPU
		{AE59D3FF-0A78-4788-9D8F-0AE642263492}.Release|Any CPU.ActiveCfg = Release|Any CPU
		{AE59D3FF-0A78-4788-9D8F-0AE642263492}.Release|Any CPU.Build.0 = Release|Any CPU
	EndGlobalSection
	GlobalSection(SolutionProperties) = preSolution
		HideSolutionNode = FALSE
	EndGlobalSection
	GlobalSection(ExtensibilityGlobals) = postSolution
		SolutionGuid = {54E19934-4A32-4720-91FA-BCB5A1AB7FA9}
	EndGlobalSection
EndGlobal
